
Microsoft Visual Studio Solution File, Format Version 12.00
# Visual Studio Version 17
VisualStudioVersion = 17.4.33103.184
MinimumVisualStudioVersion = 10.0.40219.1
Project("{9A19103F-16F7-4668-BE54-9A1E7A4F7556}") = "Stage0", "Stage0\Stage0.csproj", "{4E181512-EDE0-4B58-BB7E-62B6ECB8F861}"
EndProject
Project("{2150E333-8FDC-42A3-9474-1A3956D46DE8}") = "Solution Items", "Solution Items", "{DE36D347-A86E-4679-87C4-22B0AE9C0AAD}"
	ProjectSection(SolutionItems) = preProject
		M:\DalTest\DalTest.csproj = M:\DalTest\DalTest.csproj
		README.md = README.md
	EndProjectSection
EndProject
Project("{9A19103F-16F7-4668-BE54-9A1E7A4F7556}") = "DalFacade", "M:\DalFacade\DalFacade.csproj", "{C4C377E6-9A2C-4C83-A480-87CCBA66332B}"
EndProject
Project("{9A19103F-16F7-4668-BE54-9A1E7A4F7556}") = "DalList", "M:\DalList\DalList.csproj", "{5B1B4FB4-F47E-4FEE-A975-A4F0E9CCF011}"
EndProject
Project("{9A19103F-16F7-4668-BE54-9A1E7A4F7556}") = "DalTest", "M:\DalTest\DalTest.csproj", "{107CCA63-F208-409F-85AA-D9ED142B6D60}"
EndProject
Global
	GlobalSection(SolutionConfigurationPlatforms) = preSolution
		Debug|Any CPU = Debug|Any CPU
		Release|Any CPU = Release|Any CPU
	EndGlobalSection
	GlobalSection(ProjectConfigurationPlatforms) = postSolution
		{4E181512-EDE0-4B58-BB7E-62B6ECB8F861}.Debug|Any CPU.ActiveCfg = Debug|Any CPU
		{4E181512-EDE0-4B58-BB7E-62B6ECB8F861}.Debug|Any CPU.Build.0 = Debug|Any CPU
		{4E181512-EDE0-4B58-BB7E-62B6ECB8F861}.Release|Any CPU.ActiveCfg = Release|Any CPU
		{4E181512-EDE0-4B58-BB7E-62B6ECB8F861}.Release|Any CPU.Build.0 = Release|Any CPU
		{C4C377E6-9A2C-4C83-A480-87CCBA66332B}.Debug|Any CPU.ActiveCfg = Debug|Any CPU
		{C4C377E6-9A2C-4C83-A480-87CCBA66332B}.Debug|Any CPU.Build.0 = Debug|Any CPU
		{C4C377E6-9A2C-4C83-A480-87CCBA66332B}.Release|Any CPU.ActiveCfg = Release|Any CPU
		{C4C377E6-9A2C-4C83-A480-87CCBA66332B}.Release|Any CPU.Build.0 = Release|Any CPU
		{5B1B4FB4-F47E-4FEE-A975-A4F0E9CCF011}.Debug|Any CPU.ActiveCfg = Debug|Any CPU
		{5B1B4FB4-F47E-4FEE-A975-A4F0E9CCF011}.Debug|Any CPU.Build.0 = Debug|Any CPU
		{5B1B4FB4-F47E-4FEE-A975-A4F0E9CCF011}.Release|Any CPU.ActiveCfg = Release|Any CPU
		{5B1B4FB4-F47E-4FEE-A975-A4F0E9CCF011}.Release|Any CPU.Build.0 = Release|Any CPU
		{107CCA63-F208-409F-85AA-D9ED142B6D60}.Debug|Any CPU.ActiveCfg = Debug|Any CPU
		{107CCA63-F208-409F-85AA-D9ED142B6D60}.Debug|Any CPU.Build.0 = Debug|Any CPU
		{107CCA63-F208-409F-85AA-D9ED142B6D60}.Release|Any CPU.ActiveCfg = Release|Any CPU
		{107CCA63-F208-409F-85AA-D9ED142B6D60}.Release|Any CPU.Build.0 = Release|Any CPU
	EndGlobalSection
	GlobalSection(SolutionProperties) = preSolution
		HideSolutionNode = FALSE
	EndGlobalSection
	GlobalSection(ExtensibilityGlobals) = postSolution
		SolutionGuid = {86C9F5C3-DA14-49B9-9786-D209B41CBBB0}
	EndGlobalSection
EndGlobal
